
Microsoft Visual Studio Solution File, Format Version 12.00
# Visual Studio Version 17
VisualStudioVersion = 17.7.34031.279
MinimumVisualStudioVersion = 10.0.40219.1
Project("{FAE04EC0-301F-11D3-BF4B-00C04F79EFBC}") = "eShop.API", "eShop.API\eShop.API.csproj", "{5420F0E8-20AE-48CE-AA24-15283018DBAA}"
EndProject
Project("{FAE04EC0-301F-11D3-BF4B-00C04F79EFBC}") = "eShop.Domain", "eShop.Domain\eShop.Domain.csproj", "{446473B4-163D-40A8-968E-CE12D5C5A649}"
EndProject
Project("{FAE04EC0-301F-11D3-BF4B-00C04F79EFBC}") = "eShop.Infrastructure", "eShop.Infrastructure\eShop.Infrastructure.csproj", "{BD438854-0922-4DC8-AE5C-D8E042EFD5AA}"
EndProject
Global
	GlobalSection(SolutionConfigurationPlatforms) = preSolution
		Debug|Any CPU = Debug|Any CPU
		Release|Any CPU = Release|Any CPU
	EndGlobalSection
	GlobalSection(ProjectConfigurationPlatforms) = postSolution
		{5420F0E8-20AE-48CE-AA24-15283018DBAA}.Debug|Any CPU.ActiveCfg = Debug|Any CPU
		{5420F0E8-20AE-48CE-AA24-15283018DBAA}.Debug|Any CPU.Build.0 = Debug|Any CPU
		{5420F0E8-20AE-48CE-AA24-15283018DBAA}.Release|Any CPU.ActiveCfg = Release|Any CPU
		{5420F0E8-20AE-48CE-AA24-15283018DBAA}.Release|Any CPU.Build.0 = Release|Any CPU
		{446473B4-163D-40A8-968E-CE12D5C5A649}.Debug|Any CPU.ActiveCfg = Debug|Any CPU
		{446473B4-163D-40A8-968E-CE12D5C5A649}.Debug|Any CPU.Build.0 = Debug|Any CPU
		{446473B4-163D-40A8-968E-CE12D5C5A649}.Release|Any CPU.ActiveCfg = Release|Any CPU
		{446473B4-163D-40A8-968E-CE12D5C5A649}.Release|Any CPU.Build.0 = Release|Any CPU
		{BD438854-0922-4DC8-AE5C-D8E042EFD5AA}.Debug|Any CPU.ActiveCfg = Debug|Any CPU
		{BD438854-0922-4DC8-AE5C-D8E042EFD5AA}.Debug|Any CPU.Build.0 = Debug|Any CPU
		{BD438854-0922-4DC8-AE5C-D8E042EFD5AA}.Release|Any CPU.ActiveCfg = Release|Any CPU
		{BD438854-0922-4DC8-AE5C-D8E042EFD5AA}.Release|Any CPU.Build.0 = Release|Any CPU
	EndGlobalSection
	GlobalSection(SolutionProperties) = preSolution
		HideSolutionNode = FALSE
	EndGlobalSection
	GlobalSection(ExtensibilityGlobals) = postSolution
		SolutionGuid = {974FB8FB-C63E-4739-973F-BC83041086D4}
	EndGlobalSection
EndGlobal
